
Microsoft Visual Studio Solution File, Format Version 12.00
# Visual Studio Version 17
VisualStudioVersion = 17.0.31903.59
MinimumVisualStudioVersion = 10.0.40219.1
Project("{FAE04EC0-301F-11D3-BF4B-00C04F79EFBC}") = "OnlineStore.Domain", "Src\OnlineStore.Domain\OnlineStore.Domain.csproj", "{8397BBD8-5568-4657-B03C-28B39AA1505B}"
EndProject
Project("{FAE04EC0-301F-11D3-BF4B-00C04F79EFBC}") = "OnlineStore.Application", "Src\OnlineStore.Application\OnlineStore.Application.csproj", "{9C7DBB0D-7536-4818-9638-3C7D3B0991A4}"
EndProject
Project("{FAE04EC0-301F-11D3-BF4B-00C04F79EFBC}") = "OnlineStore.Infra", "Src\OnlineStore.Infra\OnlineStore.Infra.csproj", "{6A982C62-174A-42A7-98AC-82F5A9747541}"
EndProject
Project("{FAE04EC0-301F-11D3-BF4B-00C04F79EFBC}") = "OnlineStore.Web", "Src\OnlineStore.Web\OnlineStore.Web.csproj", "{0728ECE8-F9D0-4A00-B0DC-B931F4B5DEE6}"
EndProject
Global
	GlobalSection(SolutionConfigurationPlatforms) = preSolution
		Debug|Any CPU = Debug|Any CPU
		Release|Any CPU = Release|Any CPU
	EndGlobalSection
	GlobalSection(SolutionProperties) = preSolution
		HideSolutionNode = FALSE
	EndGlobalSection
	GlobalSection(ProjectConfigurationPlatforms) = postSolution
		{8397BBD8-5568-4657-B03C-28B39AA1505B}.Debug|Any CPU.ActiveCfg = Debug|Any CPU
		{8397BBD8-5568-4657-B03C-28B39AA1505B}.Debug|Any CPU.Build.0 = Debug|Any CPU
		{8397BBD8-5568-4657-B03C-28B39AA1505B}.Release|Any CPU.ActiveCfg = Release|Any CPU
		{8397BBD8-5568-4657-B03C-28B39AA1505B}.Release|Any CPU.Build.0 = Release|Any CPU
		{9C7DBB0D-7536-4818-9638-3C7D3B0991A4}.Debug|Any CPU.ActiveCfg = Debug|Any CPU
		{9C7DBB0D-7536-4818-9638-3C7D3B0991A4}.Debug|Any CPU.Build.0 = Debug|Any CPU
		{9C7DBB0D-7536-4818-9638-3C7D3B0991A4}.Release|Any CPU.ActiveCfg = Release|Any CPU
		{9C7DBB0D-7536-4818-9638-3C7D3B0991A4}.Release|Any CPU.Build.0 = Release|Any CPU
		{6A982C62-174A-42A7-98AC-82F5A9747541}.Debug|Any CPU.ActiveCfg = Debug|Any CPU
		{6A982C62-174A-42A7-98AC-82F5A9747541}.Debug|Any CPU.Build.0 = Debug|Any CPU
		{6A982C62-174A-42A7-98AC-82F5A9747541}.Release|Any CPU.ActiveCfg = Release|Any CPU
		{6A982C62-174A-42A7-98AC-82F5A9747541}.Release|Any CPU.Build.0 = Release|Any CPU
		{0728ECE8-F9D0-4A00-B0DC-B931F4B5DEE6}.Debug|Any CPU.ActiveCfg = Debug|Any CPU
		{0728ECE8-F9D0-4A00-B0DC-B931F4B5DEE6}.Debug|Any CPU.Build.0 = Debug|Any CPU
		{0728ECE8-F9D0-4A00-B0DC-B931F4B5DEE6}.Release|Any CPU.ActiveCfg = Release|Any CPU
		{0728ECE8-F9D0-4A00-B0DC-B931F4B5DEE6}.Release|Any CPU.Build.0 = Release|Any CPU
	EndGlobalSection
EndGlobal
